// !$*UTF8*$!
{
	archiveVersion = 1;
	classes = {
	};
	objectVersion = 56;
	objects = {

/* Begin PBXBuildFile section */
		0967BE1F2BC5BB4A00AD4C29 /* EditorWindow.swift in Sources */ = {isa = PBXBuildFile; fileRef = 0967BE1E2BC5BB4A00AD4C29 /* EditorWindow.swift */; };
		0967BE212BC5C21B00AD4C29 /* EditorViewController.swift in Sources */ = {isa = PBXBuildFile; fileRef = 0967BE202BC5C21B00AD4C29 /* EditorViewController.swift */; };
		09CB8D132BC6067600E97BFA /* EditorView.swift in Sources */ = {isa = PBXBuildFile; fileRef = 09CB8D122BC6067600E97BFA /* EditorView.swift */; };
		09CB8D192BC60C5F00E97BFA /* PlaybackView.swift in Sources */ = {isa = PBXBuildFile; fileRef = 09CB8D182BC60C5F00E97BFA /* PlaybackView.swift */; };
		09E1531D2BC4B9DE00356C91 /* AppDelegate.swift in Sources */ = {isa = PBXBuildFile; fileRef = 09E1531C2BC4B9DE00356C91 /* AppDelegate.swift */; };
		09E1531F2BC4B9DE00356C91 /* WindowController.swift in Sources */ = {isa = PBXBuildFile; fileRef = 09E1531E2BC4B9DE00356C91 /* WindowController.swift */; };
		09E153212BC4B9E000356C91 /* Assets.xcassets in Resources */ = {isa = PBXBuildFile; fileRef = 09E153202BC4B9E000356C91 /* Assets.xcassets */; };
		09E1532F2BC4B9E100356C91 /* MacVETests.swift in Sources */ = {isa = PBXBuildFile; fileRef = 09E1532E2BC4B9E100356C91 /* MacVETests.swift */; };
		09E153392BC4B9E100356C91 /* MacVEUITests.swift in Sources */ = {isa = PBXBuildFile; fileRef = 09E153382BC4B9E100356C91 /* MacVEUITests.swift */; };
		09E1533B2BC4B9E100356C91 /* MacVEUITestsLaunchTests.swift in Sources */ = {isa = PBXBuildFile; fileRef = 09E1533A2BC4B9E100356C91 /* MacVEUITestsLaunchTests.swift */; };
		09E153482BC4BC3700356C91 /* main.swift in Sources */ = {isa = PBXBuildFile; fileRef = 09E153472BC4BC3700356C91 /* main.swift */; };
/* End PBXBuildFile section */

/* Begin PBXContainerItemProxy section */
		09E1532B2BC4B9E000356C91 /* PBXContainerItemProxy */ = {
			isa = PBXContainerItemProxy;
			containerPortal = 09E153112BC4B9DE00356C91 /* Project object */;
			proxyType = 1;
			remoteGlobalIDString = 09E153182BC4B9DE00356C91;
			remoteInfo = MacVE;
		};
		09E153352BC4B9E100356C91 /* PBXContainerItemProxy */ = {
			isa = PBXContainerItemProxy;
			containerPortal = 09E153112BC4B9DE00356C91 /* Project object */;
			proxyType = 1;
			remoteGlobalIDString = 09E153182BC4B9DE00356C91;
			remoteInfo = MacVE;
		};
/* End PBXContainerItemProxy section */

/* Begin PBXFileReference section */
		0967BE1E2BC5BB4A00AD4C29 /* EditorWindow.swift */ = {isa = PBXFileReference; lastKnownFileType = sourcecode.swift; path = EditorWindow.swift; sourceTree = "<group>"; };
		0967BE202BC5C21B00AD4C29 /* EditorViewController.swift */ = {isa = PBXFileReference; lastKnownFileType = sourcecode.swift; path = EditorViewController.swift; sourceTree = "<group>"; };
		09CB8D122BC6067600E97BFA /* EditorView.swift */ = {isa = PBXFileReference; lastKnownFileType = sourcecode.swift; path = EditorView.swift; sourceTree = "<group>"; };
		09CB8D182BC60C5F00E97BFA /* PlaybackView.swift */ = {isa = PBXFileReference; lastKnownFileType = sourcecode.swift; path = PlaybackView.swift; sourceTree = "<group>"; };
		09E153192BC4B9DE00356C91 /* MacVE.app */ = {isa = PBXFileReference; explicitFileType = wrapper.application; includeInIndex = 0; path = MacVE.app; sourceTree = BUILT_PRODUCTS_DIR; };
		09E1531C2BC4B9DE00356C91 /* AppDelegate.swift */ = {isa = PBXFileReference; lastKnownFileType = sourcecode.swift; path = AppDelegate.swift; sourceTree = "<group>"; };
		09E1531E2BC4B9DE00356C91 /* WindowController.swift */ = {isa = PBXFileReference; lastKnownFileType = sourcecode.swift; path = WindowController.swift; sourceTree = "<group>"; };
		09E153202BC4B9E000356C91 /* Assets.xcassets */ = {isa = PBXFileReference; lastKnownFileType = folder.assetcatalog; path = Assets.xcassets; sourceTree = "<group>"; };
		09E153252BC4B9E000356C91 /* MacVE.entitlements */ = {isa = PBXFileReference; lastKnownFileType = text.plist.entitlements; path = MacVE.entitlements; sourceTree = "<group>"; };
		09E1532A2BC4B9E000356C91 /* MacVETests.xctest */ = {isa = PBXFileReference; explicitFileType = wrapper.cfbundle; includeInIndex = 0; path = MacVETests.xctest; sourceTree = BUILT_PRODUCTS_DIR; };
		09E1532E2BC4B9E100356C91 /* MacVETests.swift */ = {isa = PBXFileReference; lastKnownFileType = sourcecode.swift; path = MacVETests.swift; sourceTree = "<group>"; };
		09E153342BC4B9E100356C91 /* MacVEUITests.xctest */ = {isa = PBXFileReference; explicitFileType = wrapper.cfbundle; includeInIndex = 0; path = MacVEUITests.xctest; sourceTree = BUILT_PRODUCTS_DIR; };
		09E153382BC4B9E100356C91 /* MacVEUITests.swift */ = {isa = PBXFileReference; lastKnownFileType = sourcecode.swift; path = MacVEUITests.swift; sourceTree = "<group>"; };
		09E1533A2BC4B9E100356C91 /* MacVEUITestsLaunchTests.swift */ = {isa = PBXFileReference; lastKnownFileType = sourcecode.swift; path = MacVEUITestsLaunchTests.swift; sourceTree = "<group>"; };
		09E153472BC4BC3700356C91 /* main.swift */ = {isa = PBXFileReference; lastKnownFileType = sourcecode.swift; path = main.swift; sourceTree = "<group>"; };
/* End PBXFileReference section */

/* Begin PBXFrameworksBuildPhase section */
		09E153162BC4B9DE00356C91 /* Frameworks */ = {
			isa = PBXFrameworksBuildPhase;
			buildActionMask = 2147483647;
			files = (
			);
			runOnlyForDeploymentPostprocessing = 0;
		};
		09E153272BC4B9E000356C91 /* Frameworks */ = {
			isa = PBXFrameworksBuildPhase;
			buildActionMask = 2147483647;
			files = (
			);
			runOnlyForDeploymentPostprocessing = 0;
		};
		09E153312BC4B9E100356C91 /* Frameworks */ = {
			isa = PBXFrameworksBuildPhase;
			buildActionMask = 2147483647;
			files = (
			);
			runOnlyForDeploymentPostprocessing = 0;
		};
/* End PBXFrameworksBuildPhase section */

/* Begin PBXGroup section */
		0967BE1C2BC5BA7E00AD4C29 /* System */ = {
			isa = PBXGroup;
			children = (
				09E1531C2BC4B9DE00356C91 /* AppDelegate.swift */,
				09E153202BC4B9E000356C91 /* Assets.xcassets */,
				09E153252BC4B9E000356C91 /* MacVE.entitlements */,
				09E153472BC4BC3700356C91 /* main.swift */,
			);
			path = System;
			sourceTree = "<group>";
		};
		0967BE1D2BC5BB2F00AD4C29 /* Editor */ = {
			isa = PBXGroup;
			children = (
				09E1531E2BC4B9DE00356C91 /* WindowController.swift */,
				0967BE1E2BC5BB4A00AD4C29 /* EditorWindow.swift */,
				0967BE202BC5C21B00AD4C29 /* EditorViewController.swift */,
				09CB8D122BC6067600E97BFA /* EditorView.swift */,
			);
			path = Editor;
			sourceTree = "<group>";
		};
		09CB8D152BC60BDD00E97BFA /* Playback */ = {
			isa = PBXGroup;
			children = (
				09CB8D182BC60C5F00E97BFA /* PlaybackView.swift */,
			);
			path = Playback;
			sourceTree = "<group>";
		};
		09CB8D162BC60BE300E97BFA /* Track */ = {
			isa = PBXGroup;
			children = (
			);
			path = Track;
			sourceTree = "<group>";
		};
		09CB8D172BC60BEA00E97BFA /* ProjectNav */ = {
			isa = PBXGroup;
			children = (
			);
			path = ProjectNav;
			sourceTree = "<group>";
		};
		09E153102BC4B9DE00356C91 = {
			isa = PBXGroup;
			children = (
				09E1531B2BC4B9DE00356C91 /* MacVE */,
				09E1532D2BC4B9E100356C91 /* MacVETests */,
				09E153372BC4B9E100356C91 /* MacVEUITests */,
				09E1531A2BC4B9DE00356C91 /* Products */,
			);
			sourceTree = "<group>";
		};
		09E1531A2BC4B9DE00356C91 /* Products */ = {
			isa = PBXGroup;
			children = (
				09E153192BC4B9DE00356C91 /* MacVE.app */,
				09E1532A2BC4B9E000356C91 /* MacVETests.xctest */,
				09E153342BC4B9E100356C91 /* MacVEUITests.xctest */,
			);
			name = Products;
			sourceTree = "<group>";
		};
		09E1531B2BC4B9DE00356C91 /* MacVE */ = {
			isa = PBXGroup;
			children = (
				09CB8D172BC60BEA00E97BFA /* ProjectNav */,
				09CB8D162BC60BE300E97BFA /* Track */,
				09CB8D152BC60BDD00E97BFA /* Playback */,
				0967BE1D2BC5BB2F00AD4C29 /* Editor */,
				0967BE1C2BC5BA7E00AD4C29 /* System */,
			);
			path = MacVE;
			sourceTree = "<group>";
		};
		09E1532D2BC4B9E100356C91 /* MacVETests */ = {
			isa = PBXGroup;
			children = (
				09E1532E2BC4B9E100356C91 /* MacVETests.swift */,
			);
			path = MacVETests;
			sourceTree = "<group>";
		};
		09E153372BC4B9E100356C91 /* MacVEUITests */ = {
			isa = PBXGroup;
			children = (
				09E153382BC4B9E100356C91 /* MacVEUITests.swift */,
				09E1533A2BC4B9E100356C91 /* MacVEUITestsLaunchTests.swift */,
			);
			path = MacVEUITests;
			sourceTree = "<group>";
		};
/* End PBXGroup section */

/* Begin PBXNativeTarget section */
		09E153182BC4B9DE00356C91 /* MacVE */ = {
			isa = PBXNativeTarget;
			buildConfigurationList = 09E1533E2BC4B9E100356C91 /* Build configuration list for PBXNativeTarget "MacVE" */;
			buildPhases = (
				09E153152BC4B9DE00356C91 /* Sources */,
				09E153162BC4B9DE00356C91 /* Frameworks */,
				09E153172BC4B9DE00356C91 /* Resources */,
			);
			buildRules = (
			);
			dependencies = (
			);
			name = MacVE;
			productName = MacVE;
			productReference = 09E153192BC4B9DE00356C91 /* MacVE.app */;
			productType = "com.apple.product-type.application";
		};
		09E153292BC4B9E000356C91 /* MacVETests */ = {
			isa = PBXNativeTarget;
			buildConfigurationList = 09E153412BC4B9E100356C91 /* Build configuration list for PBXNativeTarget "MacVETests" */;
			buildPhases = (
				09E153262BC4B9E000356C91 /* Sources */,
				09E153272BC4B9E000356C91 /* Frameworks */,
				09E153282BC4B9E000356C91 /* Resources */,
			);
			buildRules = (
			);
			dependencies = (
				09E1532C2BC4B9E000356C91 /* PBXTargetDependency */,
			);
			name = MacVETests;
			productName = MacVETests;
			productReference = 09E1532A2BC4B9E000356C91 /* MacVETests.xctest */;
			productType = "com.apple.product-type.bundle.unit-test";
		};
		09E153332BC4B9E100356C91 /* MacVEUITests */ = {
			isa = PBXNativeTarget;
			buildConfigurationList = 09E153442BC4B9E100356C91 /* Build configuration list for PBXNativeTarget "MacVEUITests" */;
			buildPhases = (
				09E153302BC4B9E100356C91 /* Sources */,
				09E153312BC4B9E100356C91 /* Frameworks */,
				09E153322BC4B9E100356C91 /* Resources */,
			);
			buildRules = (
			);
			dependencies = (
				09E153362BC4B9E100356C91 /* PBXTargetDependency */,
			);
			name = MacVEUITests;
			productName = MacVEUITests;
			productReference = 09E153342BC4B9E100356C91 /* MacVEUITests.xctest */;
			productType = "com.apple.product-type.bundle.ui-testing";
		};
/* End PBXNativeTarget section */

/* Begin PBXProject section */
		09E153112BC4B9DE00356C91 /* Project object */ = {
			isa = PBXProject;
			attributes = {
				BuildIndependentTargetsInParallel = 1;
				LastSwiftUpdateCheck = 1530;
				LastUpgradeCheck = 1530;
				TargetAttributes = {
					09E153182BC4B9DE00356C91 = {
						CreatedOnToolsVersion = 15.3;
					};
					09E153292BC4B9E000356C91 = {
						CreatedOnToolsVersion = 15.3;
						TestTargetID = 09E153182BC4B9DE00356C91;
					};
					09E153332BC4B9E100356C91 = {
						CreatedOnToolsVersion = 15.3;
						TestTargetID = 09E153182BC4B9DE00356C91;
					};
				};
			};
			buildConfigurationList = 09E153142BC4B9DE00356C91 /* Build configuration list for PBXProject "MacVE" */;
			compatibilityVersion = "Xcode 14.0";
			developmentRegion = en;
			hasScannedForEncodings = 0;
			knownRegions = (
				en,
				Base,
			);
			mainGroup = 09E153102BC4B9DE00356C91;
			productRefGroup = 09E1531A2BC4B9DE00356C91 /* Products */;
			projectDirPath = "";
			projectRoot = "";
			targets = (
				09E153182BC4B9DE00356C91 /* MacVE */,
				09E153292BC4B9E000356C91 /* MacVETests */,
				09E153332BC4B9E100356C91 /* MacVEUITests */,
			);
		};
/* End PBXProject section */

/* Begin PBXResourcesBuildPhase section */
		09E153172BC4B9DE00356C91 /* Resources */ = {
			isa = PBXResourcesBuildPhase;
			buildActionMask = 2147483647;
			files = (
				09E153212BC4B9E000356C91 /* Assets.xcassets in Resources */,
			);
			runOnlyForDeploymentPostprocessing = 0;
		};
		09E153282BC4B9E000356C91 /* Resources */ = {
			isa = PBXResourcesBuildPhase;
			buildActionMask = 2147483647;
			files = (
			);
			runOnlyForDeploymentPostprocessing = 0;
		};
		09E153322BC4B9E100356C91 /* Resources */ = {
			isa = PBXResourcesBuildPhase;
			buildActionMask = 2147483647;
			files = (
			);
			runOnlyForDeploymentPostprocessing = 0;
		};
/* End PBXResourcesBuildPhase section */

/* Begin PBXSourcesBuildPhase section */
		09E153152BC4B9DE00356C91 /* Sources */ = {
			isa = PBXSourcesBuildPhase;
			buildActionMask = 2147483647;
			files = (
				09CB8D192BC60C5F00E97BFA /* PlaybackView.swift in Sources */,
				0967BE1F2BC5BB4A00AD4C29 /* EditorWindow.swift in Sources */,
				09E153482BC4BC3700356C91 /* main.swift in Sources */,
				09E1531F2BC4B9DE00356C91 /* WindowController.swift in Sources */,
				09CB8D132BC6067600E97BFA /* EditorView.swift in Sources */,
				0967BE212BC5C21B00AD4C29 /* EditorViewController.swift in Sources */,
				09E1531D2BC4B9DE00356C91 /* AppDelegate.swift in Sources */,
			);
			runOnlyForDeploymentPostprocessing = 0;
		};
		09E153262BC4B9E000356C91 /* Sources */ = {
			isa = PBXSourcesBuildPhase;
			buildActionMask = 2147483647;
			files = (
				09E1532F2BC4B9E100356C91 /* MacVETests.swift in Sources */,
			);
			runOnlyForDeploymentPostprocessing = 0;
		};
		09E153302BC4B9E100356C91 /* Sources */ = {
			isa = PBXSourcesBuildPhase;
			buildActionMask = 2147483647;
			files = (
				09E153392BC4B9E100356C91 /* MacVEUITests.swift in Sources */,
				09E1533B2BC4B9E100356C91 /* MacVEUITestsLaunchTests.swift in Sources */,
			);
			runOnlyForDeploymentPostprocessing = 0;
		};
/* End PBXSourcesBuildPhase section */

/* Begin PBXTargetDependency section */
		09E1532C2BC4B9E000356C91 /* PBXTargetDependency */ = {
			isa = PBXTargetDependency;
			target = 09E153182BC4B9DE00356C91 /* MacVE */;
			targetProxy = 09E1532B2BC4B9E000356C91 /* PBXContainerItemProxy */;
		};
		09E153362BC4B9E100356C91 /* PBXTargetDependency */ = {
			isa = PBXTargetDependency;
			target = 09E153182BC4B9DE00356C91 /* MacVE */;
			targetProxy = 09E153352BC4B9E100356C91 /* PBXContainerItemProxy */;
		};
/* End PBXTargetDependency section */

/* Begin XCBuildConfiguration section */
		09E1533C2BC4B9E100356C91 /* Debug */ = {
			isa = XCBuildConfiguration;
			buildSettings = {
				ALWAYS_SEARCH_USER_PATHS = NO;
				ASSETCATALOG_COMPILER_GENERATE_SWIFT_ASSET_SYMBOL_EXTENSIONS = YES;
				CLANG_ANALYZER_NONNULL = YES;
				CLANG_ANALYZER_NUMBER_OBJECT_CONVERSION = YES_AGGRESSIVE;
				CLANG_CXX_LANGUAGE_STANDARD = "gnu++20";
				CLANG_ENABLE_MODULES = YES;
				CLANG_ENABLE_OBJC_ARC = YES;
				CLANG_ENABLE_OBJC_WEAK = YES;
				CLANG_WARN_BLOCK_CAPTURE_AUTORELEASING = YES;
				CLANG_WARN_BOOL_CONVERSION = YES;
				CLANG_WARN_COMMA = YES;
				CLANG_WARN_CONSTANT_CONVERSION = YES;
				CLANG_WARN_DEPRECATED_OBJC_IMPLEMENTATIONS = YES;
				CLANG_WARN_DIRECT_OBJC_ISA_USAGE = YES_ERROR;
				CLANG_WARN_DOCUMENTATION_COMMENTS = YES;
				CLANG_WARN_EMPTY_BODY = YES;
				CLANG_WARN_ENUM_CONVERSION = YES;
				CLANG_WARN_INFINITE_RECURSION = YES;
				CLANG_WARN_INT_CONVERSION = YES;
				CLANG_WARN_NON_LITERAL_NULL_CONVERSION = YES;
				CLANG_WARN_OBJC_IMPLICIT_RETAIN_SELF = YES;
				CLANG_WARN_OBJC_LITERAL_CONVERSION = YES;
				CLANG_WARN_OBJC_ROOT_CLASS = YES_ERROR;
				CLANG_WARN_QUOTED_INCLUDE_IN_FRAMEWORK_HEADER = YES;
				CLANG_WARN_RANGE_LOOP_ANALYSIS = YES;
				CLANG_WARN_STRICT_PROTOTYPES = YES;
				CLANG_WARN_SUSPICIOUS_MOVE = YES;
				CLANG_WARN_UNGUARDED_AVAILABILITY = YES_AGGRESSIVE;
				CLANG_WARN_UNREACHABLE_CODE = YES;
				CLANG_WARN__DUPLICATE_METHOD_MATCH = YES;
				COPY_PHASE_STRIP = NO;
				DEBUG_INFORMATION_FORMAT = dwarf;
				ENABLE_STRICT_OBJC_MSGSEND = YES;
				ENABLE_TESTABILITY = YES;
				ENABLE_USER_SCRIPT_SANDBOXING = YES;
				GCC_C_LANGUAGE_STANDARD = gnu17;
				GCC_DYNAMIC_NO_PIC = NO;
				GCC_NO_COMMON_BLOCKS = YES;
				GCC_OPTIMIZATION_LEVEL = 0;
				GCC_PREPROCESSOR_DEFINITIONS = (
					"DEBUG=1",
					"$(inherited)",
				);
				GCC_WARN_64_TO_32_BIT_CONVERSION = YES;
				GCC_WARN_ABOUT_RETURN_TYPE = YES_ERROR;
				GCC_WARN_UNDECLARED_SELECTOR = YES;
				GCC_WARN_UNINITIALIZED_AUTOS = YES_AGGRESSIVE;
				GCC_WARN_UNUSED_FUNCTION = YES;
				GCC_WARN_UNUSED_VARIABLE = YES;
				LOCALIZATION_PREFERS_STRING_CATALOGS = YES;
				MACOSX_DEPLOYMENT_TARGET = 14.1;
				MTL_ENABLE_DEBUG_INFO = INCLUDE_SOURCE;
				MTL_FAST_MATH = YES;
				ONLY_ACTIVE_ARCH = YES;
				SDKROOT = macosx;
				SWIFT_ACTIVE_COMPILATION_CONDITIONS = "DEBUG $(inherited)";
				SWIFT_OPTIMIZATION_LEVEL = "-Onone";
			};
			name = Debug;
		};
		09E1533D2BC4B9E100356C91 /* Release */ = {
			isa = XCBuildConfiguration;
			buildSettings = {
				ALWAYS_SEARCH_USER_PATHS = NO;
				ASSETCATALOG_COMPILER_GENERATE_SWIFT_ASSET_SYMBOL_EXTENSIONS = YES;
				CLANG_ANALYZER_NONNULL = YES;
				CLANG_ANALYZER_NUMBER_OBJECT_CONVERSION = YES_AGGRESSIVE;
				CLANG_CXX_LANGUAGE_STANDARD = "gnu++20";
				CLANG_ENABLE_MODULES = YES;
				CLANG_ENABLE_OBJC_ARC = YES;
				CLANG_ENABLE_OBJC_WEAK = YES;
				CLANG_WARN_BLOCK_CAPTURE_AUTORELEASING = YES;
				CLANG_WARN_BOOL_CONVERSION = YES;
				CLANG_WARN_COMMA = YES;
				CLANG_WARN_CONSTANT_CONVERSION = YES;
				CLANG_WARN_DEPRECATED_OBJC_IMPLEMENTATIONS = YES;
				CLANG_WARN_DIRECT_OBJC_ISA_USAGE = YES_ERROR;
				CLANG_WARN_DOCUMENTATION_COMMENTS = YES;
				CLANG_WARN_EMPTY_BODY = YES;
				CLANG_WARN_ENUM_CONVERSION = YES;
				CLANG_WARN_INFINITE_RECURSION = YES;
				CLANG_WARN_INT_CONVERSION = YES;
				CLANG_WARN_NON_LITERAL_NULL_CONVERSION = YES;
				CLANG_WARN_OBJC_IMPLICIT_RETAIN_SELF = YES;
				CLANG_WARN_OBJC_LITERAL_CONVERSION = YES;
				CLANG_WARN_OBJC_ROOT_CLASS = YES_ERROR;
				CLANG_WARN_QUOTED_INCLUDE_IN_FRAMEWORK_HEADER = YES;
				CLANG_WARN_RANGE_LOOP_ANALYSIS = YES;
				CLANG_WARN_STRICT_PROTOTYPES = YES;
				CLANG_WARN_SUSPICIOUS_MOVE = YES;
				CLANG_WARN_UNGUARDED_AVAILABILITY = YES_AGGRESSIVE;
				CLANG_WARN_UNREACHABLE_CODE = YES;
				CLANG_WARN__DUPLICATE_METHOD_MATCH = YES;
				COPY_PHASE_STRIP = NO;
				DEBUG_INFORMATION_FORMAT = "dwarf-with-dsym";
				ENABLE_NS_ASSERTIONS = NO;
				ENABLE_STRICT_OBJC_MSGSEND = YES;
				ENABLE_USER_SCRIPT_SANDBOXING = YES;
				GCC_C_LANGUAGE_STANDARD = gnu17;
				GCC_NO_COMMON_BLOCKS = YES;
				GCC_WARN_64_TO_32_BIT_CONVERSION = YES;
				GCC_WARN_ABOUT_RETURN_TYPE = YES_ERROR;
				GCC_WARN_UNDECLARED_SELECTOR = YES;
				GCC_WARN_UNINITIALIZED_AUTOS = YES_AGGRESSIVE;
				GCC_WARN_UNUSED_FUNCTION = YES;
				GCC_WARN_UNUSED_VARIABLE = YES;
				LOCALIZATION_PREFERS_STRING_CATALOGS = YES;
				MACOSX_DEPLOYMENT_TARGET = 14.1;
				MTL_ENABLE_DEBUG_INFO = NO;
				MTL_FAST_MATH = YES;
				SDKROOT = macosx;
				SWIFT_COMPILATION_MODE = wholemodule;
			};
			name = Release;
		};
		09E1533F2BC4B9E100356C91 /* Debug */ = {
			isa = XCBuildConfiguration;
			buildSettings = {
				ASSETCATALOG_COMPILER_APPICON_NAME = AppIcon;
				ASSETCATALOG_COMPILER_GLOBAL_ACCENT_COLOR_NAME = AccentColor;
				CODE_SIGN_ENTITLEMENTS = MacVE/System/MacVE.entitlements;
				CODE_SIGN_STYLE = Automatic;
				COMBINE_HIDPI_IMAGES = YES;
				CURRENT_PROJECT_VERSION = 1;
				DEVELOPMENT_TEAM = G8P85U8XP2;
				ENABLE_HARDENED_RUNTIME = YES;
				GENERATE_INFOPLIST_FILE = YES;
				INFOPLIST_KEY_LSApplicationCategoryType = "";
				INFOPLIST_KEY_NSHumanReadableCopyright = "Copyright (c) 2024 Luiz José de Araújo Filho";
				INFOPLIST_KEY_NSPrincipalClass = NSApplication;
				LD_RUNPATH_SEARCH_PATHS = (
					"$(inherited)",
					"@executable_path/../Frameworks",
				);
				MARKETING_VERSION = 1.0;
				PRODUCT_BUNDLE_IDENTIFIER = com.lugalu.MacVE;
				PRODUCT_NAME = "$(TARGET_NAME)";
				SWIFT_EMIT_LOC_STRINGS = YES;
				SWIFT_VERSION = 5.0;
			};
			name = Debug;
		};
		09E153402BC4B9E100356C91 /* Release */ = {
			isa = XCBuildConfiguration;
			buildSettings = {
				ASSETCATALOG_COMPILER_APPICON_NAME = AppIcon;
				ASSETCATALOG_COMPILER_GLOBAL_ACCENT_COLOR_NAME = AccentColor;
				CODE_SIGN_ENTITLEMENTS = MacVE/System/MacVE.entitlements;
				CODE_SIGN_STYLE = Automatic;
				COMBINE_HIDPI_IMAGES = YES;
				CURRENT_PROJECT_VERSION = 1;
				DEVELOPMENT_TEAM = G8P85U8XP2;
				ENABLE_HARDENED_RUNTIME = YES;
				GENERATE_INFOPLIST_FILE = YES;
				INFOPLIST_KEY_LSApplicationCategoryType = "";
				INFOPLIST_KEY_NSHumanReadableCopyright = "Copyright (c) 2024 Luiz José de Araújo Filho";
				INFOPLIST_KEY_NSPrincipalClass = NSApplication;
				LD_RUNPATH_SEARCH_PATHS = (
					"$(inherited)",
					"@executable_path/../Frameworks",
				);
				MARKETING_VERSION = 1.0;
				PRODUCT_BUNDLE_IDENTIFIER = com.lugalu.MacVE;
				PRODUCT_NAME = "$(TARGET_NAME)";
				SWIFT_EMIT_LOC_STRINGS = YES;
				SWIFT_VERSION = 5.0;
			};
			name = Release;
		};
		09E153422BC4B9E100356C91 /* Debug */ = {
			isa = XCBuildConfiguration;
			buildSettings = {
				ALWAYS_EMBED_SWIFT_STANDARD_LIBRARIES = YES;
				BUNDLE_LOADER = "$(TEST_HOST)";
				CODE_SIGN_STYLE = Automatic;
				CURRENT_PROJECT_VERSION = 1;
				DEVELOPMENT_TEAM = G8P85U8XP2;
				GENERATE_INFOPLIST_FILE = YES;
				MACOSX_DEPLOYMENT_TARGET = 14.1;
				MARKETING_VERSION = 1.0;
				PRODUCT_BUNDLE_IDENTIFIER = com.lugalu.MacVETests;
				PRODUCT_NAME = "$(TARGET_NAME)";
				SWIFT_EMIT_LOC_STRINGS = NO;
				SWIFT_VERSION = 5.0;
				TEST_HOST = "$(BUILT_PRODUCTS_DIR)/MacVE.app/$(BUNDLE_EXECUTABLE_FOLDER_PATH)/MacVE";
			};
			name = Debug;
		};
		09E153432BC4B9E100356C91 /* Release */ = {
			isa = XCBuildConfiguration;
			buildSettings = {
				ALWAYS_EMBED_SWIFT_STANDARD_LIBRARIES = YES;
				BUNDLE_LOADER = "$(TEST_HOST)";
				CODE_SIGN_STYLE = Automatic;
				CURRENT_PROJECT_VERSION = 1;
				DEVELOPMENT_TEAM = G8P85U8XP2;
				GENERATE_INFOPLIST_FILE = YES;
				MACOSX_DEPLOYMENT_TARGET = 14.1;
				MARKETING_VERSION = 1.0;
				PRODUCT_BUNDLE_IDENTIFIER = com.lugalu.MacVETests;
				PRODUCT_NAME = "$(TARGET_NAME)";
				SWIFT_EMIT_LOC_STRINGS = NO;
				SWIFT_VERSION = 5.0;
				TEST_HOST = "$(BUILT_PRODUCTS_DIR)/MacVE.app/$(BUNDLE_EXECUTABLE_FOLDER_PATH)/MacVE";
			};
			name = Release;
		};
		09E153452BC4B9E100356C91 /* Debug */ = {
			isa = XCBuildConfiguration;
			buildSettings = {
				ALWAYS_EMBED_SWIFT_STANDARD_LIBRARIES = YES;
				CODE_SIGN_STYLE = Automatic;
				CURRENT_PROJECT_VERSION = 1;
				DEVELOPMENT_TEAM = G8P85U8XP2;
				GENERATE_INFOPLIST_FILE = YES;
				MARKETING_VERSION = 1.0;
				PRODUCT_BUNDLE_IDENTIFIER = com.lugalu.MacVEUITests;
				PRODUCT_NAME = "$(TARGET_NAME)";
				SWIFT_EMIT_LOC_STRINGS = NO;
				SWIFT_VERSION = 5.0;
				TEST_TARGET_NAME = MacVE;
			};
			name = Debug;
		};
		09E153462BC4B9E100356C91 /* Release */ = {
			isa = XCBuildConfiguration;
			buildSettings = {
				ALWAYS_EMBED_SWIFT_STANDARD_LIBRARIES = YES;
				CODE_SIGN_STYLE = Automatic;
				CURRENT_PROJECT_VERSION = 1;
				DEVELOPMENT_TEAM = G8P85U8XP2;
				GENERATE_INFOPLIST_FILE = YES;
				MARKETING_VERSION = 1.0;
				PRODUCT_BUNDLE_IDENTIFIER = com.lugalu.MacVEUITests;
				PRODUCT_NAME = "$(TARGET_NAME)";
				SWIFT_EMIT_LOC_STRINGS = NO;
				SWIFT_VERSION = 5.0;
				TEST_TARGET_NAME = MacVE;
			};
			name = Release;
		};
/* End XCBuildConfiguration section */

/* Begin XCConfigurationList section */
		09E153142BC4B9DE00356C91 /* Build configuration list for PBXProject "MacVE" */ = {
			isa = XCConfigurationList;
			buildConfigurations = (
				09E1533C2BC4B9E100356C91 /* Debug */,
				09E1533D2BC4B9E100356C91 /* Release */,
			);
			defaultConfigurationIsVisible = 0;
			defaultConfigurationName = Release;
		};
		09E1533E2BC4B9E100356C91 /* Build configuration list for PBXNativeTarget "MacVE" */ = {
			isa = XCConfigurationList;
			buildConfigurations = (
				09E1533F2BC4B9E100356C91 /* Debug */,
				09E153402BC4B9E100356C91 /* Release */,
			);
			defaultConfigurationIsVisible = 0;
			defaultConfigurationName = Release;
		};
		09E153412BC4B9E100356C91 /* Build configuration list for PBXNativeTarget "MacVETests" */ = {
			isa = XCConfigurationList;
			buildConfigurations = (
				09E153422BC4B9E100356C91 /* Debug */,
				09E153432BC4B9E100356C91 /* Release */,
			);
			defaultConfigurationIsVisible = 0;
			defaultConfigurationName = Release;
		};
		09E153442BC4B9E100356C91 /* Build configuration list for PBXNativeTarget "MacVEUITests" */ = {
			isa = XCConfigurationList;
			buildConfigurations = (
				09E153452BC4B9E100356C91 /* Debug */,
				09E153462BC4B9E100356C91 /* Release */,
			);
			defaultConfigurationIsVisible = 0;
			defaultConfigurationName = Release;
		};
/* End XCConfigurationList section */
	};
	rootObject = 09E153112BC4B9DE00356C91 /* Project object */;
}
